
Microsoft Visual Studio Solution File, Format Version 12.00
# Visual Studio Version 17
VisualStudioVersion = 17.9.34728.123
MinimumVisualStudioVersion = 10.0.40219.1
Project("{FAE04EC0-301F-11D3-BF4B-00C04F79EFBC}") = "SimpleEcommerce.Api", "src\SimpleEcommerce.Api\SimpleEcommerce.Api.csproj", "{F8C86A7C-F128-47C7-ABC6-E0371D1AEA59}"
EndProject
Global
	GlobalSection(SolutionConfigurationPlatforms) = preSolution
		Debug|Any CPU = Debug|Any CPU
		Release|Any CPU = Release|Any CPU
	EndGlobalSection
	GlobalSection(ProjectConfigurationPlatforms) = postSolution
		{F8C86A7C-F128-47C7-ABC6-E0371D1AEA59}.Debug|Any CPU.ActiveCfg = Debug|Any CPU
		{F8C86A7C-F128-47C7-ABC6-E0371D1AEA59}.Debug|Any CPU.Build.0 = Debug|Any CPU
		{F8C86A7C-F128-47C7-ABC6-E0371D1AEA59}.Release|Any CPU.ActiveCfg = Release|Any CPU
		{F8C86A7C-F128-47C7-ABC6-E0371D1AEA59}.Release|Any CPU.Build.0 = Release|Any CPU
	EndGlobalSection
	GlobalSection(SolutionProperties) = preSolution
		HideSolutionNode = FALSE
	EndGlobalSection
	GlobalSection(ExtensibilityGlobals) = postSolution
		SolutionGuid = {E55E851A-F210-4D0B-A06C-34E8B97498D0}
	EndGlobalSection
EndGlobal
